// !$*UTF8*$!
{
	archiveVersion = 1;
	classes = {
	};
	objectVersion = 46;
	objects = {

/* Begin PBXFileReference section */
		694C1BF21AC44C8300ED66C5 /* README.md */ = {isa = PBXFileReference; lastKnownFileType = net.daringfireball.markdown; name = README.md; path = ../README.md; sourceTree = "<group>"; };
		69FAB38F1AC1CAD100302F42 /* common.cpp */ = {isa = PBXFileReference; lastKnownFileType = sourcecode.cpp.cpp; path = common.cpp; sourceTree = "<group>"; };
		69FAB3901AC1CAD200302F42 /* common.h */ = {isa = PBXFileReference; lastKnownFileType = sourcecode.c.h; path = common.h; sourceTree = "<group>"; };
		69FAB3941AC1FABD00302F42 /* Cylinder.cpp */ = {isa = PBXFileReference; lastKnownFileType = sourcecode.cpp.cpp; path = Cylinder.cpp; sourceTree = "<group>"; };
		69FAB3951AC1FABD00302F42 /* Cylinder.hpp */ = {isa = PBXFileReference; lastKnownFileType = sourcecode.cpp.h; path = Cylinder.hpp; sourceTree = "<group>"; };
		69FAB3961AC1FABD00302F42 /* Defs.Darwin */ = {isa = PBXFileReference; lastKnownFileType = text; path = Defs.Darwin; sourceTree = "<group>"; };
		69FAB3971AC1FABD00302F42 /* Defs.Linux */ = {isa = PBXFileReference; lastKnownFileType = text; path = Defs.Linux; sourceTree = "<group>"; };
		69FAB3981AC1FABD00302F42 /* Generic.cpp */ = {isa = PBXFileReference; lastKnownFileType = sourcecode.cpp.cpp; path = Generic.cpp; sourceTree = "<group>"; };
		69FAB3991AC1FABD00302F42 /* Generic.hpp */ = {isa = PBXFileReference; lastKnownFileType = sourcecode.cpp.h; path = Generic.hpp; sourceTree = "<group>"; };
		69FAB39A1AC1FABD00302F42 /* Geometry.cpp */ = {isa = PBXFileReference; lastKnownFileType = sourcecode.cpp.cpp; path = Geometry.cpp; sourceTree = "<group>"; };
		69FAB39B1AC1FABD00302F42 /* Geometry.hpp */ = {isa = PBXFileReference; lastKnownFileType = sourcecode.cpp.h; path = Geometry.hpp; sourceTree = "<group>"; };
		69FAB39C1AC1FABD00302F42 /* gl.cpp */ = {isa = PBXFileReference; lastKnownFileType = sourcecode.cpp.cpp; path = gl.cpp; sourceTree = "<group>"; };
		69FAB39D1AC1FABD00302F42 /* Image.cpp */ = {isa = PBXFileReference; lastKnownFileType = sourcecode.cpp.cpp; path = Image.cpp; sourceTree = "<group>"; };
		69FAB39E1AC1FABD00302F42 /* Image.hpp */ = {isa = PBXFileReference; lastKnownFileType = sourcecode.cpp.h; path = Image.hpp; sourceTree = "<group>"; };
		69FAB39F1AC1FABD00302F42 /* Input.cpp */ = {isa = PBXFileReference; lastKnownFileType = sourcecode.cpp.cpp; path = Input.cpp; sourceTree = "<group>"; };
		69FAB3A01AC1FABD00302F42 /* Input.hpp */ = {isa = PBXFileReference; lastKnownFileType = sourcecode.cpp.h; path = Input.hpp; sourceTree = "<group>"; };
		69FAB3A11AC1FABD00302F42 /* Mat.hpp */ = {isa = PBXFileReference; lastKnownFileType = sourcecode.cpp.h; path = Mat.hpp; sourceTree = "<group>"; };
		69FAB3A21AC1FABD00302F42 /* Mat.inl */ = {isa = PBXFileReference; lastKnownFileType = text; path = Mat.inl; sourceTree = "<group>"; };
		69FAB3A31AC1FABD00302F42 /* Shader.cpp */ = {isa = PBXFileReference; lastKnownFileType = sourcecode.cpp.cpp; path = Shader.cpp; sourceTree = "<group>"; };
		69FAB3A41AC1FABD00302F42 /* Shader.hpp */ = {isa = PBXFileReference; lastKnownFileType = sourcecode.cpp.h; path = Shader.hpp; sourceTree = "<group>"; };
		69FAB3A51AC1FABD00302F42 /* Sphere.cpp */ = {isa = PBXFileReference; lastKnownFileType = sourcecode.cpp.cpp; path = Sphere.cpp; sourceTree = "<group>"; };
		69FAB3A61AC1FABD00302F42 /* Sphere.hpp */ = {isa = PBXFileReference; lastKnownFileType = sourcecode.cpp.h; path = Sphere.hpp; sourceTree = "<group>"; };
		69FAB3A71AC1FABD00302F42 /* terrain.mtl */ = {isa = PBXFileReference; lastKnownFileType = text; path = terrain.mtl; sourceTree = "<group>"; };
		69FAB3A81AC1FABD00302F42 /* tex.frag */ = {isa = PBXFileReference; lastKnownFileType = sourcecode.glsl; path = tex.frag; sourceTree = "<group>"; };
		69FAB3A91AC1FABD00302F42 /* tex.vert */ = {isa = PBXFileReference; lastKnownFileType = sourcecode.glsl; path = tex.vert; sourceTree = "<group>"; };
		69FAB3AA1AC1FABD00302F42 /* Textures.cpp */ = {isa = PBXFileReference; lastKnownFileType = sourcecode.cpp.cpp; path = Textures.cpp; sourceTree = "<group>"; };
		69FAB3AB1AC1FABD00302F42 /* Textures.hpp */ = {isa = PBXFileReference; lastKnownFileType = sourcecode.cpp.h; path = Textures.hpp; sourceTree = "<group>"; };
		69FAB3AC1AC1FABD00302F42 /* Vec.hpp */ = {isa = PBXFileReference; lastKnownFileType = sourcecode.cpp.h; path = Vec.hpp; sourceTree = "<group>"; };
		69FAB3AD1AC1FABD00302F42 /* Vec.inl */ = {isa = PBXFileReference; lastKnownFileType = text; path = Vec.inl; sourceTree = "<group>"; };
		69FAB3AE1AC1FABD00302F42 /* View.cpp */ = {isa = PBXFileReference; lastKnownFileType = sourcecode.cpp.cpp; path = View.cpp; sourceTree = "<group>"; };
		69FAB3AF1AC1FABD00302F42 /* View.hpp */ = {isa = PBXFileReference; lastKnownFileType = sourcecode.cpp.h; path = View.hpp; sourceTree = "<group>"; };
		69FAB3B01AC1FABD00302F42 /* Xform.cpp */ = {isa = PBXFileReference; lastKnownFileType = sourcecode.cpp.cpp; path = Xform.cpp; sourceTree = "<group>"; };
		69FAB3B11AC1FABD00302F42 /* Xform.hpp */ = {isa = PBXFileReference; lastKnownFileType = sourcecode.cpp.h; path = Xform.hpp; sourceTree = "<group>"; };
		69FAB3B51AC1FD4000302F42 /* Makefile */ = {isa = PBXFileReference; lastKnownFileType = sourcecode.make; path = Makefile; sourceTree = "<group>"; };
		69FAB3B91AC256A200302F42 /* gl.h */ = {isa = PBXFileReference; lastKnownFileType = sourcecode.c.h; path = gl.h; sourceTree = "<group>"; };
		69FAB3BA1AC2571B00302F42 /* run.cpp */ = {isa = PBXFileReference; lastKnownFileType = sourcecode.cpp.cpp; path = run.cpp; sourceTree = "<group>"; };
		69FAB3BB1AC2572300302F42 /* run.h */ = {isa = PBXFileReference; lastKnownFileType = sourcecode.c.h; path = run.h; sourceTree = "<group>"; };
/* End PBXFileReference section */

/* Begin PBXGroup section */
		69FAB3861AC1CA1800302F42 = {
			isa = PBXGroup;
			children = (
				69FAB3B51AC1FD4000302F42 /* Makefile */,
				69FAB3BB1AC2572300302F42 /* run.h */,
				69FAB3BA1AC2571B00302F42 /* run.cpp */,
				694C1BF21AC44C8300ED66C5 /* README.md */,
				69FAB38F1AC1CAD100302F42 /* common.cpp */,
				69FAB3941AC1FABD00302F42 /* Cylinder.cpp */,
				69FAB3951AC1FABD00302F42 /* Cylinder.hpp */,
				69FAB3961AC1FABD00302F42 /* Defs.Darwin */,
				69FAB3971AC1FABD00302F42 /* Defs.Linux */,
				69FAB3981AC1FABD00302F42 /* Generic.cpp */,
				69FAB3991AC1FABD00302F42 /* Generic.hpp */,
				69FAB39A1AC1FABD00302F42 /* Geometry.cpp */,
				69FAB39B1AC1FABD00302F42 /* Geometry.hpp */,
				69FAB39C1AC1FABD00302F42 /* gl.cpp */,
				69FAB3B91AC256A200302F42 /* gl.h */,
				69FAB39D1AC1FABD00302F42 /* Image.cpp */,
				69FAB39E1AC1FABD00302F42 /* Image.hpp */,
				69FAB39F1AC1FABD00302F42 /* Input.cpp */,
				69FAB3A01AC1FABD00302F42 /* Input.hpp */,
				69FAB3A11AC1FABD00302F42 /* Mat.hpp */,
				69FAB3A21AC1FABD00302F42 /* Mat.inl */,
				69FAB3A31AC1FABD00302F42 /* Shader.cpp */,
				69FAB3A41AC1FABD00302F42 /* Shader.hpp */,
				69FAB3A51AC1FABD00302F42 /* Sphere.cpp */,
				69FAB3A61AC1FABD00302F42 /* Sphere.hpp */,
				69FAB3A71AC1FABD00302F42 /* terrain.mtl */,
				69FAB3A81AC1FABD00302F42 /* tex.frag */,
				69FAB3A91AC1FABD00302F42 /* tex.vert */,
				69FAB3AA1AC1FABD00302F42 /* Textures.cpp */,
				69FAB3AB1AC1FABD00302F42 /* Textures.hpp */,
				69FAB3AC1AC1FABD00302F42 /* Vec.hpp */,
				69FAB3AD1AC1FABD00302F42 /* Vec.inl */,
				69FAB3AE1AC1FABD00302F42 /* View.cpp */,
				69FAB3AF1AC1FABD00302F42 /* View.hpp */,
				69FAB3B01AC1FABD00302F42 /* Xform.cpp */,
				69FAB3B11AC1FABD00302F42 /* Xform.hpp */,
				69FAB3901AC1CAD200302F42 /* common.h */,
			);
			sourceTree = "<group>";
		};
/* End PBXGroup section */

/* Begin PBXProject section */
		69FAB3871AC1CA1800302F42 /* Project object */ = {
			isa = PBXProject;
			attributes = {
				LastUpgradeCheck = 0620;
			};
			buildConfigurationList = 69FAB38A1AC1CA1800302F42 /* Build configuration list for PBXProject "mpi_particles" */;
			compatibilityVersion = "Xcode 3.2";
			developmentRegion = English;
			hasScannedForEncodings = 0;
			knownRegions = (
				en,
			);
			mainGroup = 69FAB3861AC1CA1800302F42;
			projectDirPath = "";
			projectRoot = "";
			targets = (
			);
		};
/* End PBXProject section */

/* Begin XCBuildConfiguration section */
		69FAB38B1AC1CA1800302F42 /* Debug */ = {
			isa = XCBuildConfiguration;
			buildSettings = {
			};
			name = Debug;
		};
		69FAB38C1AC1CA1800302F42 /* Release */ = {
			isa = XCBuildConfiguration;
			buildSettings = {
			};
			name = Release;
		};
/* End XCBuildConfiguration section */

/* Begin XCConfigurationList section */
		69FAB38A1AC1CA1800302F42 /* Build configuration list for PBXProject "mpi_particles" */ = {
			isa = XCConfigurationList;
			buildConfigurations = (
				69FAB38B1AC1CA1800302F42 /* Debug */,
				69FAB38C1AC1CA1800302F42 /* Release */,
			);
			defaultConfigurationIsVisible = 0;
			defaultConfigurationName = Release;
		};
/* End XCConfigurationList section */
	};
	rootObject = 69FAB3871AC1CA1800302F42 /* Project object */;
}
