// !$*UTF8*$!
{
	archiveVersion = 1;
	classes = {
	};
	objectVersion = 46;
	objects = {

/* Begin PBXGroup section */
		69FAB3861AC1CA1800302F42 = {
			isa = PBXGroup;
			children = (
			);
			sourceTree = "<group>";
		};
/* End PBXGroup section */

/* Begin PBXProject section */
		69FAB3871AC1CA1800302F42 /* Project object */ = {
			isa = PBXProject;
			attributes = {
				LastUpgradeCheck = 0620;
			};
			buildConfigurationList = 69FAB38A1AC1CA1800302F42 /* Build configuration list for PBXProject "mpi_particles" */;
			compatibilityVersion = "Xcode 3.2";
			developmentRegion = English;
			hasScannedForEncodings = 0;
			knownRegions = (
				en,
			);
			mainGroup = 69FAB3861AC1CA1800302F42;
			projectDirPath = "";
			projectRoot = "";
			targets = (
			);
		};
/* End PBXProject section */

/* Begin XCBuildConfiguration section */
		69FAB38B1AC1CA1800302F42 /* Debug */ = {
			isa = XCBuildConfiguration;
			buildSettings = {
			};
			name = Debug;
		};
		69FAB38C1AC1CA1800302F42 /* Release */ = {
			isa = XCBuildConfiguration;
			buildSettings = {
			};
			name = Release;
		};
/* End XCBuildConfiguration section */

/* Begin XCConfigurationList section */
		69FAB38A1AC1CA1800302F42 /* Build configuration list for PBXProject "mpi_particles" */ = {
			isa = XCConfigurationList;
			buildConfigurations = (
				69FAB38B1AC1CA1800302F42 /* Debug */,
				69FAB38C1AC1CA1800302F42 /* Release */,
			);
			defaultConfigurationIsVisible = 0;
			defaultConfigurationName = Release;
		};
/* End XCConfigurationList section */
	};
	rootObject = 69FAB3871AC1CA1800302F42 /* Project object */;
}
